
Microsoft Visual Studio Solution File, Format Version 12.00
# Visual Studio 15
Project("{FAE04EC0-301F-11D3-BF4B-00C04F79EFBC}") = "TestAppliedMaterials", "TestAppliedMaterials.csproj", "{A31579D2-6FC4-6CC0-352D-93639B1E336F}"
EndProject
Project("{FAE04EC0-301F-11D3-BF4B-00C04F79EFBC}") = "TestAppliedMaterials.Editor", "TestAppliedMaterials.Editor.csproj", "{D1AE5ABB-A645-439B-648E-F378E136BE4C}"
EndProject
Global
	GlobalSection(SolutionConfigurationPlatforms) = preSolution
		Debug|Any CPU = Debug|Any CPU
		Release|Any CPU = Release|Any CPU
	EndGlobalSection
	GlobalSection(ProjectConfigurationPlatforms) = postSolution
		{A31579D2-6FC4-6CC0-352D-93639B1E336F}.Debug|Any CPU.ActiveCfg = Debug|Any CPU
		{A31579D2-6FC4-6CC0-352D-93639B1E336F}.Debug|Any CPU.Build.0 = Debug|Any CPU
		{A31579D2-6FC4-6CC0-352D-93639B1E336F}.Release|Any CPU.ActiveCfg = Release|Any CPU
		{A31579D2-6FC4-6CC0-352D-93639B1E336F}.Release|Any CPU.Build.0 = Release|Any CPU
		{D1AE5ABB-A645-439B-648E-F378E136BE4C}.Debug|Any CPU.ActiveCfg = Debug|Any CPU
		{D1AE5ABB-A645-439B-648E-F378E136BE4C}.Debug|Any CPU.Build.0 = Debug|Any CPU
		{D1AE5ABB-A645-439B-648E-F378E136BE4C}.Release|Any CPU.ActiveCfg = Release|Any CPU
		{D1AE5ABB-A645-439B-648E-F378E136BE4C}.Release|Any CPU.Build.0 = Release|Any CPU
	EndGlobalSection
	GlobalSection(SolutionProperties) = preSolution
		HideSolutionNode = FALSE
	EndGlobalSection
EndGlobal
